
Microsoft Visual Studio Solution File, Format Version 12.00
# Visual Studio Version 17
VisualStudioVersion = 17.2.32630.192
MinimumVisualStudioVersion = 10.0.40219.1
Project("{FAE04EC0-301F-11D3-BF4B-00C04F79EFBC}") = "MoodAnalyzer", "MoodAnalyzer\MoodAnalyzer.csproj", "{45612CB1-25C9-4840-A4B2-ECD003E3882F}"
EndProject
Project("{FAE04EC0-301F-11D3-BF4B-00C04F79EFBC}") = "TestMood", "TestMood\TestMood.csproj", "{324AD557-B37D-4059-8E6E-BA8D6286F7F0}"
EndProject
Global
	GlobalSection(SolutionConfigurationPlatforms) = preSolution
		Debug|Any CPU = Debug|Any CPU
		Release|Any CPU = Release|Any CPU
	EndGlobalSection
	GlobalSection(ProjectConfigurationPlatforms) = postSolution
		{45612CB1-25C9-4840-A4B2-ECD003E3882F}.Debug|Any CPU.ActiveCfg = Debug|Any CPU
		{45612CB1-25C9-4840-A4B2-ECD003E3882F}.Debug|Any CPU.Build.0 = Debug|Any CPU
		{45612CB1-25C9-4840-A4B2-ECD003E3882F}.Release|Any CPU.ActiveCfg = Release|Any CPU
		{45612CB1-25C9-4840-A4B2-ECD003E3882F}.Release|Any CPU.Build.0 = Release|Any CPU
		{324AD557-B37D-4059-8E6E-BA8D6286F7F0}.Debug|Any CPU.ActiveCfg = Debug|Any CPU
		{324AD557-B37D-4059-8E6E-BA8D6286F7F0}.Debug|Any CPU.Build.0 = Debug|Any CPU
		{324AD557-B37D-4059-8E6E-BA8D6286F7F0}.Release|Any CPU.ActiveCfg = Release|Any CPU
		{324AD557-B37D-4059-8E6E-BA8D6286F7F0}.Release|Any CPU.Build.0 = Release|Any CPU
	EndGlobalSection
	GlobalSection(SolutionProperties) = preSolution
		HideSolutionNode = FALSE
	EndGlobalSection
	GlobalSection(ExtensibilityGlobals) = postSolution
		SolutionGuid = {805194F7-4A79-43AE-9A62-3DFCD5FEE496}
	EndGlobalSection
EndGlobal
